// !$*UTF8*$!
{
	archiveVersion = 1;
	classes = {
	};
	objectVersion = 50;
	objects = {

/* Begin PBXBuildFile section */
		DF99CE57227D69E000C77A26 /* AppDelegate.swift in Sources */ = {isa = PBXBuildFile; fileRef = DF99CE56227D69E000C77A26 /* AppDelegate.swift */; };
		DF99CE5C227D69E100C77A26 /* Main.storyboard in Resources */ = {isa = PBXBuildFile; fileRef = DF99CE5A227D69E100C77A26 /* Main.storyboard */; };
		DF99CE5E227D69EA00C77A26 /* Assets.xcassets in Resources */ = {isa = PBXBuildFile; fileRef = DF99CE5D227D69EA00C77A26 /* Assets.xcassets */; };
		DF99CE61227D69EA00C77A26 /* LaunchScreen.storyboard in Resources */ = {isa = PBXBuildFile; fileRef = DF99CE5F227D69EA00C77A26 /* LaunchScreen.storyboard */; };
		DF99CE6C227D748600C77A26 /* TableViewController.swift in Sources */ = {isa = PBXBuildFile; fileRef = DF99CE6B227D748600C77A26 /* TableViewController.swift */; };
		DF99CE6E227D753200C77A26 /* Contact.swift in Sources */ = {isa = PBXBuildFile; fileRef = DF99CE6D227D753200C77A26 /* Contact.swift */; };
		DF99CE70227D75DB00C77A26 /* ContactList.swift in Sources */ = {isa = PBXBuildFile; fileRef = DF99CE6F227D75DB00C77A26 /* ContactList.swift */; };
		DF99CE72227D7F0D00C77A26 /* TableViewCell.swift in Sources */ = {isa = PBXBuildFile; fileRef = DF99CE71227D7F0D00C77A26 /* TableViewCell.swift */; };
		DF99CE74227DAA2700C77A26 /* DetailViewController.swift in Sources */ = {isa = PBXBuildFile; fileRef = DF99CE73227DAA2700C77A26 /* DetailViewController.swift */; };
		DF99CE76227DAA5800C77A26 /* AddEditViewController.swift in Sources */ = {isa = PBXBuildFile; fileRef = DF99CE75227DAA5800C77A26 /* AddEditViewController.swift */; };
/* End PBXBuildFile section */

/* Begin PBXFileReference section */
		DF99CE53227D69E000C77A26 /* TableView.app */ = {isa = PBXFileReference; explicitFileType = wrapper.application; includeInIndex = 0; path = TableView.app; sourceTree = BUILT_PRODUCTS_DIR; };
		DF99CE56227D69E000C77A26 /* AppDelegate.swift */ = {isa = PBXFileReference; lastKnownFileType = sourcecode.swift; path = AppDelegate.swift; sourceTree = "<group>"; };
		DF99CE5B227D69E100C77A26 /* Base */ = {isa = PBXFileReference; lastKnownFileType = file.storyboard; name = Base; path = Base.lproj/Main.storyboard; sourceTree = "<group>"; };
		DF99CE5D227D69EA00C77A26 /* Assets.xcassets */ = {isa = PBXFileReference; lastKnownFileType = folder.assetcatalog; path = Assets.xcassets; sourceTree = "<group>"; };
		DF99CE60227D69EA00C77A26 /* Base */ = {isa = PBXFileReference; lastKnownFileType = file.storyboard; name = Base; path = Base.lproj/LaunchScreen.storyboard; sourceTree = "<group>"; };
		DF99CE62227D69EA00C77A26 /* Info.plist */ = {isa = PBXFileReference; lastKnownFileType = text.plist.xml; path = Info.plist; sourceTree = "<group>"; };
		DF99CE6B227D748600C77A26 /* TableViewController.swift */ = {isa = PBXFileReference; lastKnownFileType = sourcecode.swift; path = TableViewController.swift; sourceTree = "<group>"; };
		DF99CE6D227D753200C77A26 /* Contact.swift */ = {isa = PBXFileReference; lastKnownFileType = sourcecode.swift; path = Contact.swift; sourceTree = "<group>"; };
		DF99CE6F227D75DB00C77A26 /* ContactList.swift */ = {isa = PBXFileReference; lastKnownFileType = sourcecode.swift; path = ContactList.swift; sourceTree = "<group>"; };
		DF99CE71227D7F0D00C77A26 /* TableViewCell.swift */ = {isa = PBXFileReference; lastKnownFileType = sourcecode.swift; path = TableViewCell.swift; sourceTree = "<group>"; };
		DF99CE73227DAA2700C77A26 /* DetailViewController.swift */ = {isa = PBXFileReference; lastKnownFileType = sourcecode.swift; path = DetailViewController.swift; sourceTree = "<group>"; };
		DF99CE75227DAA5800C77A26 /* AddEditViewController.swift */ = {isa = PBXFileReference; lastKnownFileType = sourcecode.swift; path = AddEditViewController.swift; sourceTree = "<group>"; };
/* End PBXFileReference section */

/* Begin PBXFrameworksBuildPhase section */
		DF99CE50227D69E000C77A26 /* Frameworks */ = {
			isa = PBXFrameworksBuildPhase;
			buildActionMask = 2147483647;
			files = (
			);
			runOnlyForDeploymentPostprocessing = 0;
		};
/* End PBXFrameworksBuildPhase section */

/* Begin PBXGroup section */
		DF99CE4A227D69E000C77A26 = {
			isa = PBXGroup;
			children = (
				DF99CE55227D69E000C77A26 /* TableView */,
				DF99CE54227D69E000C77A26 /* Products */,
			);
			sourceTree = "<group>";
		};
		DF99CE54227D69E000C77A26 /* Products */ = {
			isa = PBXGroup;
			children = (
				DF99CE53227D69E000C77A26 /* TableView.app */,
			);
			name = Products;
			sourceTree = "<group>";
		};
		DF99CE55227D69E000C77A26 /* TableView */ = {
			isa = PBXGroup;
			children = (
				DF99CE68227D6A3700C77A26 /* Supporting Files */,
				DF99CE5A227D69E100C77A26 /* Main.storyboard */,
				DF99CE73227DAA2700C77A26 /* DetailViewController.swift */,
				DF99CE75227DAA5800C77A26 /* AddEditViewController.swift */,
				DF99CE5D227D69EA00C77A26 /* Assets.xcassets */,
				DF99CE71227D7F0D00C77A26 /* TableViewCell.swift */,
				DF99CE6B227D748600C77A26 /* TableViewController.swift */,
				DF99CE62227D69EA00C77A26 /* Info.plist */,
				DF99CE6D227D753200C77A26 /* Contact.swift */,
				DF99CE6F227D75DB00C77A26 /* ContactList.swift */,
			);
			path = TableView;
			sourceTree = "<group>";
		};
		DF99CE68227D6A3700C77A26 /* Supporting Files */ = {
			isa = PBXGroup;
			children = (
				DF99CE56227D69E000C77A26 /* AppDelegate.swift */,
				DF99CE5F227D69EA00C77A26 /* LaunchScreen.storyboard */,
			);
			path = "Supporting Files";
			sourceTree = "<group>";
		};
/* End PBXGroup section */

/* Begin PBXNativeTarget section */
		DF99CE52227D69E000C77A26 /* TableView */ = {
			isa = PBXNativeTarget;
			buildConfigurationList = DF99CE65227D69EA00C77A26 /* Build configuration list for PBXNativeTarget "TableView" */;
			buildPhases = (
				DF99CE4F227D69E000C77A26 /* Sources */,
				DF99CE50227D69E000C77A26 /* Frameworks */,
				DF99CE51227D69E000C77A26 /* Resources */,
			);
			buildRules = (
			);
			dependencies = (
			);
			name = TableView;
			productName = TableView;
			productReference = DF99CE53227D69E000C77A26 /* TableView.app */;
			productType = "com.apple.product-type.application";
		};
/* End PBXNativeTarget section */

/* Begin PBXProject section */
		DF99CE4B227D69E000C77A26 /* Project object */ = {
			isa = PBXProject;
			attributes = {
				LastSwiftUpdateCheck = 1020;
				LastUpgradeCheck = 1020;
				ORGANIZATIONNAME = Crafter;
				TargetAttributes = {
					DF99CE52227D69E000C77A26 = {
						CreatedOnToolsVersion = 10.2.1;
					};
				};
			};
			buildConfigurationList = DF99CE4E227D69E000C77A26 /* Build configuration list for PBXProject "TableView" */;
			compatibilityVersion = "Xcode 9.3";
			developmentRegion = en;
			hasScannedForEncodings = 0;
			knownRegions = (
				en,
				Base,
			);
			mainGroup = DF99CE4A227D69E000C77A26;
			productRefGroup = DF99CE54227D69E000C77A26 /* Products */;
			projectDirPath = "";
			projectRoot = "";
			targets = (
				DF99CE52227D69E000C77A26 /* TableView */,
			);
		};
/* End PBXProject section */

/* Begin PBXResourcesBuildPhase section */
		DF99CE51227D69E000C77A26 /* Resources */ = {
			isa = PBXResourcesBuildPhase;
			buildActionMask = 2147483647;
			files = (
				DF99CE61227D69EA00C77A26 /* LaunchScreen.storyboard in Resources */,
				DF99CE5E227D69EA00C77A26 /* Assets.xcassets in Resources */,
				DF99CE5C227D69E100C77A26 /* Main.storyboard in Resources */,
			);
			runOnlyForDeploymentPostprocessing = 0;
		};
/* End PBXResourcesBuildPhase section */

/* Begin PBXSourcesBuildPhase section */
		DF99CE4F227D69E000C77A26 /* Sources */ = {
			isa = PBXSourcesBuildPhase;
			buildActionMask = 2147483647;
			files = (
				DF99CE72227D7F0D00C77A26 /* TableViewCell.swift in Sources */,
				DF99CE76227DAA5800C77A26 /* AddEditViewController.swift in Sources */,
				DF99CE70227D75DB00C77A26 /* ContactList.swift in Sources */,
				DF99CE6E227D753200C77A26 /* Contact.swift in Sources */,
				DF99CE74227DAA2700C77A26 /* DetailViewController.swift in Sources */,
				DF99CE57227D69E000C77A26 /* AppDelegate.swift in Sources */,
				DF99CE6C227D748600C77A26 /* TableViewController.swift in Sources */,
			);
			runOnlyForDeploymentPostprocessing = 0;
		};
/* End PBXSourcesBuildPhase section */

/* Begin PBXVariantGroup section */
		DF99CE5A227D69E100C77A26 /* Main.storyboard */ = {
			isa = PBXVariantGroup;
			children = (
				DF99CE5B227D69E100C77A26 /* Base */,
			);
			name = Main.storyboard;
			sourceTree = "<group>";
		};
		DF99CE5F227D69EA00C77A26 /* LaunchScreen.storyboard */ = {
			isa = PBXVariantGroup;
			children = (
				DF99CE60227D69EA00C77A26 /* Base */,
			);
			name = LaunchScreen.storyboard;
			sourceTree = "<group>";
		};
/* End PBXVariantGroup section */

/* Begin XCBuildConfiguration section */
		DF99CE63227D69EA00C77A26 /* Debug */ = {
			isa = XCBuildConfiguration;
			buildSettings = {
				ALWAYS_SEARCH_USER_PATHS = NO;
				CLANG_ANALYZER_NONNULL = YES;
				CLANG_ANALYZER_NUMBER_OBJECT_CONVERSION = YES_AGGRESSIVE;
				CLANG_CXX_LANGUAGE_STANDARD = "gnu++14";
				CLANG_CXX_LIBRARY = "libc++";
				CLANG_ENABLE_MODULES = YES;
				CLANG_ENABLE_OBJC_ARC = YES;
				CLANG_ENABLE_OBJC_WEAK = YES;
				CLANG_WARN_BLOCK_CAPTURE_AUTORELEASING = YES;
				CLANG_WARN_BOOL_CONVERSION = YES;
				CLANG_WARN_COMMA = YES;
				CLANG_WARN_CONSTANT_CONVERSION = YES;
				CLANG_WARN_DEPRECATED_OBJC_IMPLEMENTATIONS = YES;
				CLANG_WARN_DIRECT_OBJC_ISA_USAGE = YES_ERROR;
				CLANG_WARN_DOCUMENTATION_COMMENTS = YES;
				CLANG_WARN_EMPTY_BODY = YES;
				CLANG_WARN_ENUM_CONVERSION = YES;
				CLANG_WARN_INFINITE_RECURSION = YES;
				CLANG_WARN_INT_CONVERSION = YES;
				CLANG_WARN_NON_LITERAL_NULL_CONVERSION = YES;
				CLANG_WARN_OBJC_IMPLICIT_RETAIN_SELF = YES;
				CLANG_WARN_OBJC_LITERAL_CONVERSION = YES;
				CLANG_WARN_OBJC_ROOT_CLASS = YES_ERROR;
				CLANG_WARN_RANGE_LOOP_ANALYSIS = YES;
				CLANG_WARN_STRICT_PROTOTYPES = YES;
				CLANG_WARN_SUSPICIOUS_MOVE = YES;
				CLANG_WARN_UNGUARDED_AVAILABILITY = YES_AGGRESSIVE;
				CLANG_WARN_UNREACHABLE_CODE = YES;
				CLANG_WARN__DUPLICATE_METHOD_MATCH = YES;
				CODE_SIGN_IDENTITY = "iPhone Developer";
				COPY_PHASE_STRIP = NO;
				DEBUG_INFORMATION_FORMAT = dwarf;
				ENABLE_STRICT_OBJC_MSGSEND = YES;
				ENABLE_TESTABILITY = YES;
				GCC_C_LANGUAGE_STANDARD = gnu11;
				GCC_DYNAMIC_NO_PIC = NO;
				GCC_NO_COMMON_BLOCKS = YES;
				GCC_OPTIMIZATION_LEVEL = 0;
				GCC_PREPROCESSOR_DEFINITIONS = (
					"DEBUG=1",
					"$(inherited)",
				);
				GCC_WARN_64_TO_32_BIT_CONVERSION = YES;
				GCC_WARN_ABOUT_RETURN_TYPE = YES_ERROR;
				GCC_WARN_UNDECLARED_SELECTOR = YES;
				GCC_WARN_UNINITIALIZED_AUTOS = YES_AGGRESSIVE;
				GCC_WARN_UNUSED_FUNCTION = YES;
				GCC_WARN_UNUSED_VARIABLE = YES;
				IPHONEOS_DEPLOYMENT_TARGET = 12.2;
				MTL_ENABLE_DEBUG_INFO = INCLUDE_SOURCE;
				MTL_FAST_MATH = YES;
				ONLY_ACTIVE_ARCH = YES;
				SDKROOT = iphoneos;
				SWIFT_ACTIVE_COMPILATION_CONDITIONS = DEBUG;
				SWIFT_OPTIMIZATION_LEVEL = "-Onone";
			};
			name = Debug;
		};
		DF99CE64227D69EA00C77A26 /* Release */ = {
			isa = XCBuildConfiguration;
			buildSettings = {
				ALWAYS_SEARCH_USER_PATHS = NO;
				CLANG_ANALYZER_NONNULL = YES;
				CLANG_ANALYZER_NUMBER_OBJECT_CONVERSION = YES_AGGRESSIVE;
				CLANG_CXX_LANGUAGE_STANDARD = "gnu++14";
				CLANG_CXX_LIBRARY = "libc++";
				CLANG_ENABLE_MODULES = YES;
				CLANG_ENABLE_OBJC_ARC = YES;
				CLANG_ENABLE_OBJC_WEAK = YES;
				CLANG_WARN_BLOCK_CAPTURE_AUTORELEASING = YES;
				CLANG_WARN_BOOL_CONVERSION = YES;
				CLANG_WARN_COMMA = YES;
				CLANG_WARN_CONSTANT_CONVERSION = YES;
				CLANG_WARN_DEPRECATED_OBJC_IMPLEMENTATIONS = YES;
				CLANG_WARN_DIRECT_OBJC_ISA_USAGE = YES_ERROR;
				CLANG_WARN_DOCUMENTATION_COMMENTS = YES;
				CLANG_WARN_EMPTY_BODY = YES;
				CLANG_WARN_ENUM_CONVERSION = YES;
				CLANG_WARN_INFINITE_RECURSION = YES;
				CLANG_WARN_INT_CONVERSION = YES;
				CLANG_WARN_NON_LITERAL_NULL_CONVERSION = YES;
				CLANG_WARN_OBJC_IMPLICIT_RETAIN_SELF = YES;
				CLANG_WARN_OBJC_LITERAL_CONVERSION = YES;
				CLANG_WARN_OBJC_ROOT_CLASS = YES_ERROR;
				CLANG_WARN_RANGE_LOOP_ANALYSIS = YES;
				CLANG_WARN_STRICT_PROTOTYPES = YES;
				CLANG_WARN_SUSPICIOUS_MOVE = YES;
				CLANG_WARN_UNGUARDED_AVAILABILITY = YES_AGGRESSIVE;
				CLANG_WARN_UNREACHABLE_CODE = YES;
				CLANG_WARN__DUPLICATE_METHOD_MATCH = YES;
				CODE_SIGN_IDENTITY = "iPhone Developer";
				COPY_PHASE_STRIP = NO;
				DEBUG_INFORMATION_FORMAT = "dwarf-with-dsym";
				ENABLE_NS_ASSERTIONS = NO;
				ENABLE_STRICT_OBJC_MSGSEND = YES;
				GCC_C_LANGUAGE_STANDARD = gnu11;
				GCC_NO_COMMON_BLOCKS = YES;
				GCC_WARN_64_TO_32_BIT_CONVERSION = YES;
				GCC_WARN_ABOUT_RETURN_TYPE = YES_ERROR;
				GCC_WARN_UNDECLARED_SELECTOR = YES;
				GCC_WARN_UNINITIALIZED_AUTOS = YES_AGGRESSIVE;
				GCC_WARN_UNUSED_FUNCTION = YES;
				GCC_WARN_UNUSED_VARIABLE = YES;
				IPHONEOS_DEPLOYMENT_TARGET = 12.2;
				MTL_ENABLE_DEBUG_INFO = NO;
				MTL_FAST_MATH = YES;
				SDKROOT = iphoneos;
				SWIFT_COMPILATION_MODE = wholemodule;
				SWIFT_OPTIMIZATION_LEVEL = "-O";
				VALIDATE_PRODUCT = YES;
			};
			name = Release;
		};
		DF99CE66227D69EA00C77A26 /* Debug */ = {
			isa = XCBuildConfiguration;
			buildSettings = {
				ASSETCATALOG_COMPILER_APPICON_NAME = AppIcon;
				CODE_SIGN_STYLE = Automatic;
				DEVELOPMENT_TEAM = 77A5Q9N3VD;
				INFOPLIST_FILE = TableView/Info.plist;
				LD_RUNPATH_SEARCH_PATHS = (
					"$(inherited)",
					"@executable_path/Frameworks",
				);
				PRODUCT_BUNDLE_IDENTIFIER = craft.TableView;
				PRODUCT_NAME = "$(TARGET_NAME)";
				SWIFT_VERSION = 5.0;
				TARGETED_DEVICE_FAMILY = "1,2";
			};
			name = Debug;
		};
		DF99CE67227D69EA00C77A26 /* Release */ = {
			isa = XCBuildConfiguration;
			buildSettings = {
				ASSETCATALOG_COMPILER_APPICON_NAME = AppIcon;
				CODE_SIGN_STYLE = Automatic;
				DEVELOPMENT_TEAM = 77A5Q9N3VD;
				INFOPLIST_FILE = TableView/Info.plist;
				LD_RUNPATH_SEARCH_PATHS = (
					"$(inherited)",
					"@executable_path/Frameworks",
				);
				PRODUCT_BUNDLE_IDENTIFIER = craft.TableView;
				PRODUCT_NAME = "$(TARGET_NAME)";
				SWIFT_VERSION = 5.0;
				TARGETED_DEVICE_FAMILY = "1,2";
			};
			name = Release;
		};
/* End XCBuildConfiguration section */

/* Begin XCConfigurationList section */
		DF99CE4E227D69E000C77A26 /* Build configuration list for PBXProject "TableView" */ = {
			isa = XCConfigurationList;
			buildConfigurations = (
				DF99CE63227D69EA00C77A26 /* Debug */,
				DF99CE64227D69EA00C77A26 /* Release */,
			);
			defaultConfigurationIsVisible = 0;
			defaultConfigurationName = Release;
		};
		DF99CE65227D69EA00C77A26 /* Build configuration list for PBXNativeTarget "TableView" */ = {
			isa = XCConfigurationList;
			buildConfigurations = (
				DF99CE66227D69EA00C77A26 /* Debug */,
				DF99CE67227D69EA00C77A26 /* Release */,
			);
			defaultConfigurationIsVisible = 0;
			defaultConfigurationName = Release;
		};
/* End XCConfigurationList section */
	};
	rootObject = DF99CE4B227D69E000C77A26 /* Project object */;
}
